
Microsoft Visual Studio Solution File, Format Version 12.00
# Visual Studio Version 17
VisualStudioVersion = 17.14.36603.0 d17.14
MinimumVisualStudioVersion = 10.0.40219.1
Project("{8BC9CEB8-8B4A-11D0-8D11-00A0C91BC942}") = "lab15", "lab15\lab15.vcxproj", "{3D3D6E64-DA73-4698-A7E8-DCB12F947AEA}"
EndProject
Global
	GlobalSection(SolutionConfigurationPlatforms) = preSolution
		Debug|x64 = Debug|x64
		Debug|x86 = Debug|x86
		Release|x64 = Release|x64
		Release|x86 = Release|x86
	EndGlobalSection
	GlobalSection(ProjectConfigurationPlatforms) = postSolution
		{3D3D6E64-DA73-4698-A7E8-DCB12F947AEA}.Debug|x64.ActiveCfg = Debug|x64
		{3D3D6E64-DA73-4698-A7E8-DCB12F947AEA}.Debug|x64.Build.0 = Debug|x64
		{3D3D6E64-DA73-4698-A7E8-DCB12F947AEA}.Debug|x86.ActiveCfg = Debug|Win32
		{3D3D6E64-DA73-4698-A7E8-DCB12F947AEA}.Debug|x86.Build.0 = Debug|Win32
		{3D3D6E64-DA73-4698-A7E8-DCB12F947AEA}.Release|x64.ActiveCfg = Release|x64
		{3D3D6E64-DA73-4698-A7E8-DCB12F947AEA}.Release|x64.Build.0 = Release|x64
		{3D3D6E64-DA73-4698-A7E8-DCB12F947AEA}.Release|x86.ActiveCfg = Release|Win32
		{3D3D6E64-DA73-4698-A7E8-DCB12F947AEA}.Release|x86.Build.0 = Release|Win32
	EndGlobalSection
	GlobalSection(SolutionProperties) = preSolution
		HideSolutionNode = FALSE
	EndGlobalSection
	GlobalSection(ExtensibilityGlobals) = postSolution
		SolutionGuid = {DD5E327B-379E-4D60-849A-EC97A3C3D5CF}
	EndGlobalSection
EndGlobal
